// !$*UTF8*$!
{
	archiveVersion = 1;
	classes = {
	};
	objectVersion = 55;
	objects = {

/* Begin PBXBuildFile section */
		C6272C2327F448000013BF95 /* CircleGroupView.swift in Sources */ = {isa = PBXBuildFile; fileRef = C6272C2227F448000013BF95 /* CircleGroupView.swift */; };
		C6272C6727F47E660013BF95 /* AudioPlayer.swift in Sources */ = {isa = PBXBuildFile; fileRef = C6272C6627F47E660013BF95 /* AudioPlayer.swift */; };
		C6B06DD327F4347A0048A82D /* RestartAppApp.swift in Sources */ = {isa = PBXBuildFile; fileRef = C6B06DD227F4347A0048A82D /* RestartAppApp.swift */; };
		C6B06DD527F4347A0048A82D /* ContentView.swift in Sources */ = {isa = PBXBuildFile; fileRef = C6B06DD427F4347A0048A82D /* ContentView.swift */; };
		C6B06DD727F4347A0048A82D /* Assets.xcassets in Resources */ = {isa = PBXBuildFile; fileRef = C6B06DD627F4347A0048A82D /* Assets.xcassets */; };
		C6B06DDA27F4347A0048A82D /* Preview Assets.xcassets in Resources */ = {isa = PBXBuildFile; fileRef = C6B06DD927F4347A0048A82D /* Preview Assets.xcassets */; };
		C6B06DE427F4347B0048A82D /* RestartAppTests.swift in Sources */ = {isa = PBXBuildFile; fileRef = C6B06DE327F4347B0048A82D /* RestartAppTests.swift */; };
		C6B06DEE27F4347B0048A82D /* RestartAppUITests.swift in Sources */ = {isa = PBXBuildFile; fileRef = C6B06DED27F4347B0048A82D /* RestartAppUITests.swift */; };
		C6B06DF027F4347B0048A82D /* RestartAppUITestsLaunchTests.swift in Sources */ = {isa = PBXBuildFile; fileRef = C6B06DEF27F4347B0048A82D /* RestartAppUITestsLaunchTests.swift */; };
		C6B06DFE27F4352D0048A82D /* success.m4a in Resources */ = {isa = PBXBuildFile; fileRef = C6B06DFC27F4352D0048A82D /* success.m4a */; };
		C6B06DFF27F4352D0048A82D /* chimeup.mp3 in Resources */ = {isa = PBXBuildFile; fileRef = C6B06DFD27F4352D0048A82D /* chimeup.mp3 */; };
		C6B06E0727F438120048A82D /* OnboardingView.swift in Sources */ = {isa = PBXBuildFile; fileRef = C6B06E0627F438120048A82D /* OnboardingView.swift */; };
		C6B06E0927F4381A0048A82D /* HomeView.swift in Sources */ = {isa = PBXBuildFile; fileRef = C6B06E0827F4381A0048A82D /* HomeView.swift */; };
/* End PBXBuildFile section */

/* Begin PBXContainerItemProxy section */
		C6B06DE027F4347B0048A82D /* PBXContainerItemProxy */ = {
			isa = PBXContainerItemProxy;
			containerPortal = C6B06DC727F4347A0048A82D /* Project object */;
			proxyType = 1;
			remoteGlobalIDString = C6B06DCE27F4347A0048A82D;
			remoteInfo = RestartApp;
		};
		C6B06DEA27F4347B0048A82D /* PBXContainerItemProxy */ = {
			isa = PBXContainerItemProxy;
			containerPortal = C6B06DC727F4347A0048A82D /* Project object */;
			proxyType = 1;
			remoteGlobalIDString = C6B06DCE27F4347A0048A82D;
			remoteInfo = RestartApp;
		};
/* End PBXContainerItemProxy section */

/* Begin PBXFileReference section */
		C6272C2227F448000013BF95 /* CircleGroupView.swift */ = {isa = PBXFileReference; lastKnownFileType = sourcecode.swift; path = CircleGroupView.swift; sourceTree = "<group>"; };
		C6272C6627F47E660013BF95 /* AudioPlayer.swift */ = {isa = PBXFileReference; lastKnownFileType = sourcecode.swift; path = AudioPlayer.swift; sourceTree = "<group>"; };
		C6B06DCF27F4347A0048A82D /* RestartApp.app */ = {isa = PBXFileReference; explicitFileType = wrapper.application; includeInIndex = 0; path = RestartApp.app; sourceTree = BUILT_PRODUCTS_DIR; };
		C6B06DD227F4347A0048A82D /* RestartAppApp.swift */ = {isa = PBXFileReference; lastKnownFileType = sourcecode.swift; path = RestartAppApp.swift; sourceTree = "<group>"; };
		C6B06DD427F4347A0048A82D /* ContentView.swift */ = {isa = PBXFileReference; lastKnownFileType = sourcecode.swift; path = ContentView.swift; sourceTree = "<group>"; };
		C6B06DD627F4347A0048A82D /* Assets.xcassets */ = {isa = PBXFileReference; lastKnownFileType = folder.assetcatalog; path = Assets.xcassets; sourceTree = "<group>"; };
		C6B06DD927F4347A0048A82D /* Preview Assets.xcassets */ = {isa = PBXFileReference; lastKnownFileType = folder.assetcatalog; path = "Preview Assets.xcassets"; sourceTree = "<group>"; };
		C6B06DDF27F4347B0048A82D /* RestartAppTests.xctest */ = {isa = PBXFileReference; explicitFileType = wrapper.cfbundle; includeInIndex = 0; path = RestartAppTests.xctest; sourceTree = BUILT_PRODUCTS_DIR; };
		C6B06DE327F4347B0048A82D /* RestartAppTests.swift */ = {isa = PBXFileReference; lastKnownFileType = sourcecode.swift; path = RestartAppTests.swift; sourceTree = "<group>"; };
		C6B06DE927F4347B0048A82D /* RestartAppUITests.xctest */ = {isa = PBXFileReference; explicitFileType = wrapper.cfbundle; includeInIndex = 0; path = RestartAppUITests.xctest; sourceTree = BUILT_PRODUCTS_DIR; };
		C6B06DED27F4347B0048A82D /* RestartAppUITests.swift */ = {isa = PBXFileReference; lastKnownFileType = sourcecode.swift; path = RestartAppUITests.swift; sourceTree = "<group>"; };
		C6B06DEF27F4347B0048A82D /* RestartAppUITestsLaunchTests.swift */ = {isa = PBXFileReference; lastKnownFileType = sourcecode.swift; path = RestartAppUITestsLaunchTests.swift; sourceTree = "<group>"; };
		C6B06DFC27F4352D0048A82D /* success.m4a */ = {isa = PBXFileReference; lastKnownFileType = file; path = success.m4a; sourceTree = "<group>"; };
		C6B06DFD27F4352D0048A82D /* chimeup.mp3 */ = {isa = PBXFileReference; lastKnownFileType = audio.mp3; path = chimeup.mp3; sourceTree = "<group>"; };
		C6B06E0527F437CE0048A82D /* Info.plist */ = {isa = PBXFileReference; lastKnownFileType = text.plist; path = Info.plist; sourceTree = "<group>"; };
		C6B06E0627F438120048A82D /* OnboardingView.swift */ = {isa = PBXFileReference; lastKnownFileType = sourcecode.swift; path = OnboardingView.swift; sourceTree = "<group>"; };
		C6B06E0827F4381A0048A82D /* HomeView.swift */ = {isa = PBXFileReference; lastKnownFileType = sourcecode.swift; path = HomeView.swift; sourceTree = "<group>"; };
/* End PBXFileReference section */

/* Begin PBXFrameworksBuildPhase section */
		C6B06DCC27F4347A0048A82D /* Frameworks */ = {
			isa = PBXFrameworksBuildPhase;
			buildActionMask = 2147483647;
			files = (
			);
			runOnlyForDeploymentPostprocessing = 0;
		};
		C6B06DDC27F4347B0048A82D /* Frameworks */ = {
			isa = PBXFrameworksBuildPhase;
			buildActionMask = 2147483647;
			files = (
			);
			runOnlyForDeploymentPostprocessing = 0;
		};
		C6B06DE627F4347B0048A82D /* Frameworks */ = {
			isa = PBXFrameworksBuildPhase;
			buildActionMask = 2147483647;
			files = (
			);
			runOnlyForDeploymentPostprocessing = 0;
		};
/* End PBXFrameworksBuildPhase section */

/* Begin PBXGroup section */
		C6B06DC627F4347A0048A82D = {
			isa = PBXGroup;
			children = (
				C6B06DD127F4347A0048A82D /* RestartApp */,
				C6B06DE227F4347B0048A82D /* RestartAppTests */,
				C6B06DEC27F4347B0048A82D /* RestartAppUITests */,
				C6B06DD027F4347A0048A82D /* Products */,
			);
			sourceTree = "<group>";
		};
		C6B06DD027F4347A0048A82D /* Products */ = {
			isa = PBXGroup;
			children = (
				C6B06DCF27F4347A0048A82D /* RestartApp.app */,
				C6B06DDF27F4347B0048A82D /* RestartAppTests.xctest */,
				C6B06DE927F4347B0048A82D /* RestartAppUITests.xctest */,
			);
			name = Products;
			sourceTree = "<group>";
		};
		C6B06DD127F4347A0048A82D /* RestartApp */ = {
			isa = PBXGroup;
			children = (
				C6B06E0527F437CE0048A82D /* Info.plist */,
				C6B06E0427F436620048A82D /* Utilities */,
				C6B06E0327F436510048A82D /* Views */,
				C6B06E0127F4354D0048A82D /* Sounds */,
				C6B06DD227F4347A0048A82D /* RestartAppApp.swift */,
				C6B06E0227F436480048A82D /* Screens */,
				C6B06DD627F4347A0048A82D /* Assets.xcassets */,
				C6B06DD827F4347A0048A82D /* Preview Content */,
			);
			path = RestartApp;
			sourceTree = "<group>";
		};
		C6B06DD827F4347A0048A82D /* Preview Content */ = {
			isa = PBXGroup;
			children = (
				C6B06DD927F4347A0048A82D /* Preview Assets.xcassets */,
			);
			path = "Preview Content";
			sourceTree = "<group>";
		};
		C6B06DE227F4347B0048A82D /* RestartAppTests */ = {
			isa = PBXGroup;
			children = (
				C6B06DE327F4347B0048A82D /* RestartAppTests.swift */,
			);
			path = RestartAppTests;
			sourceTree = "<group>";
		};
		C6B06DEC27F4347B0048A82D /* RestartAppUITests */ = {
			isa = PBXGroup;
			children = (
				C6B06DED27F4347B0048A82D /* RestartAppUITests.swift */,
				C6B06DEF27F4347B0048A82D /* RestartAppUITestsLaunchTests.swift */,
			);
			path = RestartAppUITests;
			sourceTree = "<group>";
		};
		C6B06E0127F4354D0048A82D /* Sounds */ = {
			isa = PBXGroup;
			children = (
				C6B06DFD27F4352D0048A82D /* chimeup.mp3 */,
				C6B06DFC27F4352D0048A82D /* success.m4a */,
			);
			path = Sounds;
			sourceTree = "<group>";
		};
		C6B06E0227F436480048A82D /* Screens */ = {
			isa = PBXGroup;
			children = (
				C6B06DD427F4347A0048A82D /* ContentView.swift */,
				C6B06E0627F438120048A82D /* OnboardingView.swift */,
				C6B06E0827F4381A0048A82D /* HomeView.swift */,
			);
			path = Screens;
			sourceTree = "<group>";
		};
		C6B06E0327F436510048A82D /* Views */ = {
			isa = PBXGroup;
			children = (
				C6272C2227F448000013BF95 /* CircleGroupView.swift */,
			);
			path = Views;
			sourceTree = "<group>";
		};
		C6B06E0427F436620048A82D /* Utilities */ = {
			isa = PBXGroup;
			children = (
				C6272C6627F47E660013BF95 /* AudioPlayer.swift */,
			);
			path = Utilities;
			sourceTree = "<group>";
		};
/* End PBXGroup section */

/* Begin PBXNativeTarget section */
		C6B06DCE27F4347A0048A82D /* RestartApp */ = {
			isa = PBXNativeTarget;
			buildConfigurationList = C6B06DF327F4347B0048A82D /* Build configuration list for PBXNativeTarget "RestartApp" */;
			buildPhases = (
				C6B06DCB27F4347A0048A82D /* Sources */,
				C6B06DCC27F4347A0048A82D /* Frameworks */,
				C6B06DCD27F4347A0048A82D /* Resources */,
			);
			buildRules = (
			);
			dependencies = (
			);
			name = RestartApp;
			productName = RestartApp;
			productReference = C6B06DCF27F4347A0048A82D /* RestartApp.app */;
			productType = "com.apple.product-type.application";
		};
		C6B06DDE27F4347B0048A82D /* RestartAppTests */ = {
			isa = PBXNativeTarget;
			buildConfigurationList = C6B06DF627F4347B0048A82D /* Build configuration list for PBXNativeTarget "RestartAppTests" */;
			buildPhases = (
				C6B06DDB27F4347B0048A82D /* Sources */,
				C6B06DDC27F4347B0048A82D /* Frameworks */,
				C6B06DDD27F4347B0048A82D /* Resources */,
			);
			buildRules = (
			);
			dependencies = (
				C6B06DE127F4347B0048A82D /* PBXTargetDependency */,
			);
			name = RestartAppTests;
			productName = RestartAppTests;
			productReference = C6B06DDF27F4347B0048A82D /* RestartAppTests.xctest */;
			productType = "com.apple.product-type.bundle.unit-test";
		};
		C6B06DE827F4347B0048A82D /* RestartAppUITests */ = {
			isa = PBXNativeTarget;
			buildConfigurationList = C6B06DF927F4347B0048A82D /* Build configuration list for PBXNativeTarget "RestartAppUITests" */;
			buildPhases = (
				C6B06DE527F4347B0048A82D /* Sources */,
				C6B06DE627F4347B0048A82D /* Frameworks */,
				C6B06DE727F4347B0048A82D /* Resources */,
			);
			buildRules = (
			);
			dependencies = (
				C6B06DEB27F4347B0048A82D /* PBXTargetDependency */,
			);
			name = RestartAppUITests;
			productName = RestartAppUITests;
			productReference = C6B06DE927F4347B0048A82D /* RestartAppUITests.xctest */;
			productType = "com.apple.product-type.bundle.ui-testing";
		};
/* End PBXNativeTarget section */

/* Begin PBXProject section */
		C6B06DC727F4347A0048A82D /* Project object */ = {
			isa = PBXProject;
			attributes = {
				BuildIndependentTargetsInParallel = 1;
				LastSwiftUpdateCheck = 1330;
				LastUpgradeCheck = 1330;
				TargetAttributes = {
					C6B06DCE27F4347A0048A82D = {
						CreatedOnToolsVersion = 13.3;
					};
					C6B06DDE27F4347B0048A82D = {
						CreatedOnToolsVersion = 13.3;
						TestTargetID = C6B06DCE27F4347A0048A82D;
					};
					C6B06DE827F4347B0048A82D = {
						CreatedOnToolsVersion = 13.3;
						TestTargetID = C6B06DCE27F4347A0048A82D;
					};
				};
			};
			buildConfigurationList = C6B06DCA27F4347A0048A82D /* Build configuration list for PBXProject "RestartApp" */;
			compatibilityVersion = "Xcode 13.0";
			developmentRegion = en;
			hasScannedForEncodings = 0;
			knownRegions = (
				en,
				Base,
			);
			mainGroup = C6B06DC627F4347A0048A82D;
			productRefGroup = C6B06DD027F4347A0048A82D /* Products */;
			projectDirPath = "";
			projectRoot = "";
			targets = (
				C6B06DCE27F4347A0048A82D /* RestartApp */,
				C6B06DDE27F4347B0048A82D /* RestartAppTests */,
				C6B06DE827F4347B0048A82D /* RestartAppUITests */,
			);
		};
/* End PBXProject section */

/* Begin PBXResourcesBuildPhase section */
		C6B06DCD27F4347A0048A82D /* Resources */ = {
			isa = PBXResourcesBuildPhase;
			buildActionMask = 2147483647;
			files = (
				C6B06DFF27F4352D0048A82D /* chimeup.mp3 in Resources */,
				C6B06DDA27F4347A0048A82D /* Preview Assets.xcassets in Resources */,
				C6B06DFE27F4352D0048A82D /* success.m4a in Resources */,
				C6B06DD727F4347A0048A82D /* Assets.xcassets in Resources */,
			);
			runOnlyForDeploymentPostprocessing = 0;
		};
		C6B06DDD27F4347B0048A82D /* Resources */ = {
			isa = PBXResourcesBuildPhase;
			buildActionMask = 2147483647;
			files = (
			);
			runOnlyForDeploymentPostprocessing = 0;
		};
		C6B06DE727F4347B0048A82D /* Resources */ = {
			isa = PBXResourcesBuildPhase;
			buildActionMask = 2147483647;
			files = (
			);
			runOnlyForDeploymentPostprocessing = 0;
		};
/* End PBXResourcesBuildPhase section */

/* Begin PBXSourcesBuildPhase section */
		C6B06DCB27F4347A0048A82D /* Sources */ = {
			isa = PBXSourcesBuildPhase;
			buildActionMask = 2147483647;
			files = (
				C6272C2327F448000013BF95 /* CircleGroupView.swift in Sources */,
				C6B06E0727F438120048A82D /* OnboardingView.swift in Sources */,
				C6B06E0927F4381A0048A82D /* HomeView.swift in Sources */,
				C6B06DD527F4347A0048A82D /* ContentView.swift in Sources */,
				C6B06DD327F4347A0048A82D /* RestartAppApp.swift in Sources */,
				C6272C6727F47E660013BF95 /* AudioPlayer.swift in Sources */,
			);
			runOnlyForDeploymentPostprocessing = 0;
		};
		C6B06DDB27F4347B0048A82D /* Sources */ = {
			isa = PBXSourcesBuildPhase;
			buildActionMask = 2147483647;
			files = (
				C6B06DE427F4347B0048A82D /* RestartAppTests.swift in Sources */,
			);
			runOnlyForDeploymentPostprocessing = 0;
		};
		C6B06DE527F4347B0048A82D /* Sources */ = {
			isa = PBXSourcesBuildPhase;
			buildActionMask = 2147483647;
			files = (
				C6B06DF027F4347B0048A82D /* RestartAppUITestsLaunchTests.swift in Sources */,
				C6B06DEE27F4347B0048A82D /* RestartAppUITests.swift in Sources */,
			);
			runOnlyForDeploymentPostprocessing = 0;
		};
/* End PBXSourcesBuildPhase section */

/* Begin PBXTargetDependency section */
		C6B06DE127F4347B0048A82D /* PBXTargetDependency */ = {
			isa = PBXTargetDependency;
			target = C6B06DCE27F4347A0048A82D /* RestartApp */;
			targetProxy = C6B06DE027F4347B0048A82D /* PBXContainerItemProxy */;
		};
		C6B06DEB27F4347B0048A82D /* PBXTargetDependency */ = {
			isa = PBXTargetDependency;
			target = C6B06DCE27F4347A0048A82D /* RestartApp */;
			targetProxy = C6B06DEA27F4347B0048A82D /* PBXContainerItemProxy */;
		};
/* End PBXTargetDependency section */

/* Begin XCBuildConfiguration section */
		C6B06DF127F4347B0048A82D /* Debug */ = {
			isa = XCBuildConfiguration;
			buildSettings = {
				ALWAYS_SEARCH_USER_PATHS = NO;
				CLANG_ANALYZER_NONNULL = YES;
				CLANG_ANALYZER_NUMBER_OBJECT_CONVERSION = YES_AGGRESSIVE;
				CLANG_CXX_LANGUAGE_STANDARD = "gnu++17";
				CLANG_ENABLE_MODULES = YES;
				CLANG_ENABLE_OBJC_ARC = YES;
				CLANG_ENABLE_OBJC_WEAK = YES;
				CLANG_WARN_BLOCK_CAPTURE_AUTORELEASING = YES;
				CLANG_WARN_BOOL_CONVERSION = YES;
				CLANG_WARN_COMMA = YES;
				CLANG_WARN_CONSTANT_CONVERSION = YES;
				CLANG_WARN_DEPRECATED_OBJC_IMPLEMENTATIONS = YES;
				CLANG_WARN_DIRECT_OBJC_ISA_USAGE = YES_ERROR;
				CLANG_WARN_DOCUMENTATION_COMMENTS = YES;
				CLANG_WARN_EMPTY_BODY = YES;
				CLANG_WARN_ENUM_CONVERSION = YES;
				CLANG_WARN_INFINITE_RECURSION = YES;
				CLANG_WARN_INT_CONVERSION = YES;
				CLANG_WARN_NON_LITERAL_NULL_CONVERSION = YES;
				CLANG_WARN_OBJC_IMPLICIT_RETAIN_SELF = YES;
				CLANG_WARN_OBJC_LITERAL_CONVERSION = YES;
				CLANG_WARN_OBJC_ROOT_CLASS = YES_ERROR;
				CLANG_WARN_QUOTED_INCLUDE_IN_FRAMEWORK_HEADER = YES;
				CLANG_WARN_RANGE_LOOP_ANALYSIS = YES;
				CLANG_WARN_STRICT_PROTOTYPES = YES;
				CLANG_WARN_SUSPICIOUS_MOVE = YES;
				CLANG_WARN_UNGUARDED_AVAILABILITY = YES_AGGRESSIVE;
				CLANG_WARN_UNREACHABLE_CODE = YES;
				CLANG_WARN__DUPLICATE_METHOD_MATCH = YES;
				COPY_PHASE_STRIP = NO;
				DEBUG_INFORMATION_FORMAT = dwarf;
				ENABLE_STRICT_OBJC_MSGSEND = YES;
				ENABLE_TESTABILITY = YES;
				GCC_C_LANGUAGE_STANDARD = gnu11;
				GCC_DYNAMIC_NO_PIC = NO;
				GCC_NO_COMMON_BLOCKS = YES;
				GCC_OPTIMIZATION_LEVEL = 0;
				GCC_PREPROCESSOR_DEFINITIONS = (
					"DEBUG=1",
					"$(inherited)",
				);
				GCC_WARN_64_TO_32_BIT_CONVERSION = YES;
				GCC_WARN_ABOUT_RETURN_TYPE = YES_ERROR;
				GCC_WARN_UNDECLARED_SELECTOR = YES;
				GCC_WARN_UNINITIALIZED_AUTOS = YES_AGGRESSIVE;
				GCC_WARN_UNUSED_FUNCTION = YES;
				GCC_WARN_UNUSED_VARIABLE = YES;
				IPHONEOS_DEPLOYMENT_TARGET = 15.4;
				MTL_ENABLE_DEBUG_INFO = INCLUDE_SOURCE;
				MTL_FAST_MATH = YES;
				ONLY_ACTIVE_ARCH = YES;
				SDKROOT = iphoneos;
				SWIFT_ACTIVE_COMPILATION_CONDITIONS = DEBUG;
				SWIFT_OPTIMIZATION_LEVEL = "-Onone";
			};
			name = Debug;
		};
		C6B06DF227F4347B0048A82D /* Release */ = {
			isa = XCBuildConfiguration;
			buildSettings = {
				ALWAYS_SEARCH_USER_PATHS = NO;
				CLANG_ANALYZER_NONNULL = YES;
				CLANG_ANALYZER_NUMBER_OBJECT_CONVERSION = YES_AGGRESSIVE;
				CLANG_CXX_LANGUAGE_STANDARD = "gnu++17";
				CLANG_ENABLE_MODULES = YES;
				CLANG_ENABLE_OBJC_ARC = YES;
				CLANG_ENABLE_OBJC_WEAK = YES;
				CLANG_WARN_BLOCK_CAPTURE_AUTORELEASING = YES;
				CLANG_WARN_BOOL_CONVERSION = YES;
				CLANG_WARN_COMMA = YES;
				CLANG_WARN_CONSTANT_CONVERSION = YES;
				CLANG_WARN_DEPRECATED_OBJC_IMPLEMENTATIONS = YES;
				CLANG_WARN_DIRECT_OBJC_ISA_USAGE = YES_ERROR;
				CLANG_WARN_DOCUMENTATION_COMMENTS = YES;
				CLANG_WARN_EMPTY_BODY = YES;
				CLANG_WARN_ENUM_CONVERSION = YES;
				CLANG_WARN_INFINITE_RECURSION = YES;
				CLANG_WARN_INT_CONVERSION = YES;
				CLANG_WARN_NON_LITERAL_NULL_CONVERSION = YES;
				CLANG_WARN_OBJC_IMPLICIT_RETAIN_SELF = YES;
				CLANG_WARN_OBJC_LITERAL_CONVERSION = YES;
				CLANG_WARN_OBJC_ROOT_CLASS = YES_ERROR;
				CLANG_WARN_QUOTED_INCLUDE_IN_FRAMEWORK_HEADER = YES;
				CLANG_WARN_RANGE_LOOP_ANALYSIS = YES;
				CLANG_WARN_STRICT_PROTOTYPES = YES;
				CLANG_WARN_SUSPICIOUS_MOVE = YES;
				CLANG_WARN_UNGUARDED_AVAILABILITY = YES_AGGRESSIVE;
				CLANG_WARN_UNREACHABLE_CODE = YES;
				CLANG_WARN__DUPLICATE_METHOD_MATCH = YES;
				COPY_PHASE_STRIP = NO;
				DEBUG_INFORMATION_FORMAT = "dwarf-with-dsym";
				ENABLE_NS_ASSERTIONS = NO;
				ENABLE_STRICT_OBJC_MSGSEND = YES;
				GCC_C_LANGUAGE_STANDARD = gnu11;
				GCC_NO_COMMON_BLOCKS = YES;
				GCC_WARN_64_TO_32_BIT_CONVERSION = YES;
				GCC_WARN_ABOUT_RETURN_TYPE = YES_ERROR;
				GCC_WARN_UNDECLARED_SELECTOR = YES;
				GCC_WARN_UNINITIALIZED_AUTOS = YES_AGGRESSIVE;
				GCC_WARN_UNUSED_FUNCTION = YES;
				GCC_WARN_UNUSED_VARIABLE = YES;
				IPHONEOS_DEPLOYMENT_TARGET = 15.4;
				MTL_ENABLE_DEBUG_INFO = NO;
				MTL_FAST_MATH = YES;
				SDKROOT = iphoneos;
				SWIFT_COMPILATION_MODE = wholemodule;
				SWIFT_OPTIMIZATION_LEVEL = "-O";
				VALIDATE_PRODUCT = YES;
			};
			name = Release;
		};
		C6B06DF427F4347B0048A82D /* Debug */ = {
			isa = XCBuildConfiguration;
			buildSettings = {
				ASSETCATALOG_COMPILER_APPICON_NAME = AppIcon;
				ASSETCATALOG_COMPILER_GLOBAL_ACCENT_COLOR_NAME = AccentColor;
				CODE_SIGN_STYLE = Automatic;
				CURRENT_PROJECT_VERSION = 1;
				DEVELOPMENT_ASSET_PATHS = "\"RestartApp/Preview Content\"";
				DEVELOPMENT_TEAM = Z9HF4394ZJ;
				ENABLE_PREVIEWS = YES;
				GENERATE_INFOPLIST_FILE = YES;
				INFOPLIST_FILE = RestartApp/Info.plist;
				INFOPLIST_KEY_UIApplicationSceneManifest_Generation = YES;
				INFOPLIST_KEY_UIApplicationSupportsIndirectInputEvents = YES;
				INFOPLIST_KEY_UISupportedInterfaceOrientations = UIInterfaceOrientationPortrait;
				INFOPLIST_KEY_UISupportedInterfaceOrientations_iPad = "UIInterfaceOrientationPortrait UIInterfaceOrientationPortraitUpsideDown UIInterfaceOrientationLandscapeLeft UIInterfaceOrientationLandscapeRight";
				INFOPLIST_KEY_UISupportedInterfaceOrientations_iPhone = UIInterfaceOrientationPortrait;
				IPHONEOS_DEPLOYMENT_TARGET = 14.0;
				LD_RUNPATH_SEARCH_PATHS = (
					"$(inherited)",
					"@executable_path/Frameworks",
				);
				MARKETING_VERSION = 1.0;
				PRODUCT_BUNDLE_IDENTIFIER = com.swiftui.practice.RestartApp;
				PRODUCT_NAME = "$(TARGET_NAME)";
				SWIFT_EMIT_LOC_STRINGS = YES;
				SWIFT_VERSION = 5.0;
				TARGETED_DEVICE_FAMILY = "1,2";
			};
			name = Debug;
		};
		C6B06DF527F4347B0048A82D /* Release */ = {
			isa = XCBuildConfiguration;
			buildSettings = {
				ASSETCATALOG_COMPILER_APPICON_NAME = AppIcon;
				ASSETCATALOG_COMPILER_GLOBAL_ACCENT_COLOR_NAME = AccentColor;
				CODE_SIGN_STYLE = Automatic;
				CURRENT_PROJECT_VERSION = 1;
				DEVELOPMENT_ASSET_PATHS = "\"RestartApp/Preview Content\"";
				DEVELOPMENT_TEAM = Z9HF4394ZJ;
				ENABLE_PREVIEWS = YES;
				GENERATE_INFOPLIST_FILE = YES;
				INFOPLIST_FILE = RestartApp/Info.plist;
				INFOPLIST_KEY_UIApplicationSceneManifest_Generation = YES;
				INFOPLIST_KEY_UIApplicationSupportsIndirectInputEvents = YES;
				INFOPLIST_KEY_UISupportedInterfaceOrientations = UIInterfaceOrientationPortrait;
				INFOPLIST_KEY_UISupportedInterfaceOrientations_iPad = "UIInterfaceOrientationPortrait UIInterfaceOrientationPortraitUpsideDown UIInterfaceOrientationLandscapeLeft UIInterfaceOrientationLandscapeRight";
				INFOPLIST_KEY_UISupportedInterfaceOrientations_iPhone = UIInterfaceOrientationPortrait;
				IPHONEOS_DEPLOYMENT_TARGET = 14.0;
				LD_RUNPATH_SEARCH_PATHS = (
					"$(inherited)",
					"@executable_path/Frameworks",
				);
				MARKETING_VERSION = 1.0;
				PRODUCT_BUNDLE_IDENTIFIER = com.swiftui.practice.RestartApp;
				PRODUCT_NAME = "$(TARGET_NAME)";
				SWIFT_EMIT_LOC_STRINGS = YES;
				SWIFT_VERSION = 5.0;
				TARGETED_DEVICE_FAMILY = "1,2";
			};
			name = Release;
		};
		C6B06DF727F4347B0048A82D /* Debug */ = {
			isa = XCBuildConfiguration;
			buildSettings = {
				ALWAYS_EMBED_SWIFT_STANDARD_LIBRARIES = YES;
				BUNDLE_LOADER = "$(TEST_HOST)";
				CODE_SIGN_STYLE = Automatic;
				CURRENT_PROJECT_VERSION = 1;
				GENERATE_INFOPLIST_FILE = YES;
				IPHONEOS_DEPLOYMENT_TARGET = 15.4;
				MARKETING_VERSION = 1.0;
				PRODUCT_BUNDLE_IDENTIFIER = com.swiftui.practice.RestartAppTests;
				PRODUCT_NAME = "$(TARGET_NAME)";
				SWIFT_EMIT_LOC_STRINGS = NO;
				SWIFT_VERSION = 5.0;
				TARGETED_DEVICE_FAMILY = "1,2";
				TEST_HOST = "$(BUILT_PRODUCTS_DIR)/RestartApp.app/RestartApp";
			};
			name = Debug;
		};
		C6B06DF827F4347B0048A82D /* Release */ = {
			isa = XCBuildConfiguration;
			buildSettings = {
				ALWAYS_EMBED_SWIFT_STANDARD_LIBRARIES = YES;
				BUNDLE_LOADER = "$(TEST_HOST)";
				CODE_SIGN_STYLE = Automatic;
				CURRENT_PROJECT_VERSION = 1;
				GENERATE_INFOPLIST_FILE = YES;
				IPHONEOS_DEPLOYMENT_TARGET = 15.4;
				MARKETING_VERSION = 1.0;
				PRODUCT_BUNDLE_IDENTIFIER = com.swiftui.practice.RestartAppTests;
				PRODUCT_NAME = "$(TARGET_NAME)";
				SWIFT_EMIT_LOC_STRINGS = NO;
				SWIFT_VERSION = 5.0;
				TARGETED_DEVICE_FAMILY = "1,2";
				TEST_HOST = "$(BUILT_PRODUCTS_DIR)/RestartApp.app/RestartApp";
			};
			name = Release;
		};
		C6B06DFA27F4347B0048A82D /* Debug */ = {
			isa = XCBuildConfiguration;
			buildSettings = {
				ALWAYS_EMBED_SWIFT_STANDARD_LIBRARIES = YES;
				CODE_SIGN_STYLE = Automatic;
				CURRENT_PROJECT_VERSION = 1;
				GENERATE_INFOPLIST_FILE = YES;
				MARKETING_VERSION = 1.0;
				PRODUCT_BUNDLE_IDENTIFIER = com.swiftui.practice.RestartAppUITests;
				PRODUCT_NAME = "$(TARGET_NAME)";
				SWIFT_EMIT_LOC_STRINGS = NO;
				SWIFT_VERSION = 5.0;
				TARGETED_DEVICE_FAMILY = "1,2";
				TEST_TARGET_NAME = RestartApp;
			};
			name = Debug;
		};
		C6B06DFB27F4347B0048A82D /* Release */ = {
			isa = XCBuildConfiguration;
			buildSettings = {
				ALWAYS_EMBED_SWIFT_STANDARD_LIBRARIES = YES;
				CODE_SIGN_STYLE = Automatic;
				CURRENT_PROJECT_VERSION = 1;
				GENERATE_INFOPLIST_FILE = YES;
				MARKETING_VERSION = 1.0;
				PRODUCT_BUNDLE_IDENTIFIER = com.swiftui.practice.RestartAppUITests;
				PRODUCT_NAME = "$(TARGET_NAME)";
				SWIFT_EMIT_LOC_STRINGS = NO;
				SWIFT_VERSION = 5.0;
				TARGETED_DEVICE_FAMILY = "1,2";
				TEST_TARGET_NAME = RestartApp;
			};
			name = Release;
		};
/* End XCBuildConfiguration section */

/* Begin XCConfigurationList section */
		C6B06DCA27F4347A0048A82D /* Build configuration list for PBXProject "RestartApp" */ = {
			isa = XCConfigurationList;
			buildConfigurations = (
				C6B06DF127F4347B0048A82D /* Debug */,
				C6B06DF227F4347B0048A82D /* Release */,
			);
			defaultConfigurationIsVisible = 0;
			defaultConfigurationName = Release;
		};
		C6B06DF327F4347B0048A82D /* Build configuration list for PBXNativeTarget "RestartApp" */ = {
			isa = XCConfigurationList;
			buildConfigurations = (
				C6B06DF427F4347B0048A82D /* Debug */,
				C6B06DF527F4347B0048A82D /* Release */,
			);
			defaultConfigurationIsVisible = 0;
			defaultConfigurationName = Release;
		};
		C6B06DF627F4347B0048A82D /* Build configuration list for PBXNativeTarget "RestartAppTests" */ = {
			isa = XCConfigurationList;
			buildConfigurations = (
				C6B06DF727F4347B0048A82D /* Debug */,
				C6B06DF827F4347B0048A82D /* Release */,
			);
			defaultConfigurationIsVisible = 0;
			defaultConfigurationName = Release;
		};
		C6B06DF927F4347B0048A82D /* Build configuration list for PBXNativeTarget "RestartAppUITests" */ = {
			isa = XCConfigurationList;
			buildConfigurations = (
				C6B06DFA27F4347B0048A82D /* Debug */,
				C6B06DFB27F4347B0048A82D /* Release */,
			);
			defaultConfigurationIsVisible = 0;
			defaultConfigurationName = Release;
		};
/* End XCConfigurationList section */
	};
	rootObject = C6B06DC727F4347A0048A82D /* Project object */;
}
